
Microsoft Visual Studio Solution File, Format Version 12.00
# Visual Studio Version 17
VisualStudioVersion = 17.2.32630.192
MinimumVisualStudioVersion = 10.0.40219.1
Project("{FAE04EC0-301F-11D3-BF4B-00C04F79EFBC}") = "LRMDataManager", "LRMDataManager\LRMDataManager.csproj", "{C31849D0-8D1D-4FBF-B532-6A5BD3B38BB0}"
EndProject
Global
	GlobalSection(SolutionConfigurationPlatforms) = preSolution
		Debug|Any CPU = Debug|Any CPU
		Release|Any CPU = Release|Any CPU
	EndGlobalSection
	GlobalSection(ProjectConfigurationPlatforms) = postSolution
		{C31849D0-8D1D-4FBF-B532-6A5BD3B38BB0}.Debug|Any CPU.ActiveCfg = Debug|Any CPU
		{C31849D0-8D1D-4FBF-B532-6A5BD3B38BB0}.Debug|Any CPU.Build.0 = Debug|Any CPU
		{C31849D0-8D1D-4FBF-B532-6A5BD3B38BB0}.Release|Any CPU.ActiveCfg = Release|Any CPU
		{C31849D0-8D1D-4FBF-B532-6A5BD3B38BB0}.Release|Any CPU.Build.0 = Release|Any CPU
	EndGlobalSection
	GlobalSection(SolutionProperties) = preSolution
		HideSolutionNode = FALSE
	EndGlobalSection
	GlobalSection(ExtensibilityGlobals) = postSolution
		SolutionGuid = {CD9C6D15-2E3E-401C-89E4-0C3CB57284BF}
	EndGlobalSection
EndGlobal
